<?xml version="1.0" encoding="utf-8"?>
<Project ToolsVersion="4.0" xmlns="http://schemas.microsoft.com/developer/msbuild/2003">
  <ItemGroup>
    <Filter Include="Form Files">
      <UniqueIdentifier>{99349809-55BA-4b9d-BF79-8FDBB0286EB3}</UniqueIdentifier>
      <Extensions>ui</Extensions>
    </Filter>
    <Filter Include="Resource Files">
      <UniqueIdentifier>{D9D6E242-F8AF-46E4-B9FD-80ECBC20BA3E}</UniqueIdentifier>
      <Extensions>qrc;*</Extensions>
      <ParseFiles>false</ParseFiles>
    </Filter>
    <Filter Include="Generated Files">
      <UniqueIdentifier>{71ED8ED8-ACB9-4CE9-BBE1-E00B30144E11}</UniqueIdentifier>
      <Extensions>moc;h;cpp</Extensions>
      <SourceControlFiles>False</SourceControlFiles>
    </Filter>
    <Filter Include="Generated Files\Debug">
      <UniqueIdentifier>{43d329f4-6c9a-420c-b126-43d09085f77b}</UniqueIdentifier>
      <Extensions>cpp;moc</Extensions>
      <SourceControlFiles>False</SourceControlFiles>
    </Filter>
    <Filter Include="Generated Files\Release">
      <UniqueIdentifier>{c69b1407-c125-4f80-9350-1ebbfd0c3e72}</UniqueIdentifier>
      <Extensions>cpp;moc</Extensions>
      <SourceControlFiles>False</SourceControlFiles>
    </Filter>
    <Filter Include="common">
      <UniqueIdentifier>{836b17c8-e795-4746-a12d-2dc6276bd4fe}</UniqueIdentifier>
    </Filter>
    <Filter Include="VBO">
      <UniqueIdentifier>{e93f0cfc-cecd-4f2c-b9f4-d2e8bd2d9706}</UniqueIdentifier>
    </Filter>
    <Filter Include="Main Files">
      <UniqueIdentifier>{4FC737F1-C7A5-4376-A066-2A32D752A2FF}</UniqueIdentifier>
      <Extensions>cpp;cxx;c;def</Extensions>
    </Filter>
    <Filter Include="Main Files\nvModel">
      <UniqueIdentifier>{e7ba5bc6-8d45-48da-b191-8a4ee7307a58}</UniqueIdentifier>
    </Filter>
    <Filter Include="PMBuilding">
      <UniqueIdentifier>{2f3576ed-05c5-4f00-97a6-d50d4d70bd70}</UniqueIdentifier>
    </Filter>
  </ItemGroup>
  <ItemGroup>
    <ClCompile Include="main.cpp">
      <Filter>Main Files</Filter>
    </ClCompile>
    <ClCompile Include="MainWindow.cpp">
      <Filter>Main Files</Filter>
    </ClCompile>
    <ClCompile Include="GeneratedFiles\Debug\moc_MainWindow.cpp">
      <Filter>Generated Files\Debug</Filter>
    </ClCompile>
    <ClCompile Include="GeneratedFiles\Release\moc_MainWindow.cpp">
      <Filter>Generated Files\Release</Filter>
    </ClCompile>
    <ClCompile Include="GeneratedFiles\qrc_MainWindow.cpp">
      <Filter>Generated Files</Filter>
    </ClCompile>
    <ClCompile Include="BlockSet.cpp">
      <Filter>Main Files</Filter>
    </ClCompile>
    <ClCompile Include="global.cpp">
      <Filter>Main Files</Filter>
    </ClCompile>
    <ClCompile Include="GLWidget3D.cpp">
      <Filter>Main Files</Filter>
    </ClCompile>
    <ClCompile Include="GLWidget3D_Shadows.cpp">
      <Filter>Main Files</Filter>
    </ClCompile>
    <ClCompile Include="LC_Layer.cpp">
      <Filter>Main Files</Filter>
    </ClCompile>
    <ClCompile Include="RoadEdge.cpp">
      <Filter>Main Files</Filter>
    </ClCompile>
    <ClCompile Include="RoadGraph.cpp">
      <Filter>Main Files</Filter>
    </ClCompile>
    <ClCompile Include="RoadVertex.cpp">
      <Filter>Main Files</Filter>
    </ClCompile>
    <ClCompile Include="UrbanGeometry.cpp">
      <Filter>Main Files</Filter>
    </ClCompile>
    <ClCompile Include="nvModel\nvModel.cpp">
      <Filter>Main Files\nvModel</Filter>
    </ClCompile>
    <ClCompile Include="nvModel\nvModelObj.cpp">
      <Filter>Main Files\nvModel</Filter>
    </ClCompile>
    <ClCompile Include="nvModel\nvModelQuery.cpp">
      <Filter>Main Files\nvModel</Filter>
    </ClCompile>
    <ClCompile Include="BBox.cpp">
      <Filter>common</Filter>
    </ClCompile>
    <ClCompile Include="ColorTable.cpp">
      <Filter>common</Filter>
    </ClCompile>
    <ClCompile Include="ConvexHull.cpp">
      <Filter>common</Filter>
    </ClCompile>
    <ClCompile Include="HeatMapColorTable.cpp">
      <Filter>common</Filter>
    </ClCompile>
    <ClCompile Include="Polygon2D.cpp">
      <Filter>common</Filter>
    </ClCompile>
    <ClCompile Include="Polyline3D.cpp">
      <Filter>common</Filter>
    </ClCompile>
    <ClCompile Include="Polygon3D.cpp">
      <Filter>common</Filter>
    </ClCompile>
    <ClCompile Include="Polyline2D.cpp">
      <Filter>common</Filter>
    </ClCompile>
    <ClCompile Include="Util.cpp">
      <Filter>common</Filter>
    </ClCompile>
    <ClCompile Include="VBOWater.cpp">
      <Filter>VBO</Filter>
    </ClCompile>
    <ClCompile Include="VBOBlock.cpp">
      <Filter>VBO</Filter>
    </ClCompile>
    <ClCompile Include="VBOModel.cpp">
      <Filter>VBO</Filter>
    </ClCompile>
    <ClCompile Include="VBOModel_StreetElements.cpp">
      <Filter>VBO</Filter>
    </ClCompile>
    <ClCompile Include="VBOParcel.cpp">
      <Filter>VBO</Filter>
    </ClCompile>
    <ClCompile Include="VBOPm.cpp">
      <Filter>VBO</Filter>
    </ClCompile>
    <ClCompile Include="VBOPmBlocks.cpp">
      <Filter>VBO</Filter>
    </ClCompile>
    <ClCompile Include="VBOPmBuildings.cpp">
      <Filter>VBO</Filter>
    </ClCompile>
    <ClCompile Include="VBOPmParcels.cpp">
      <Filter>VBO</Filter>
    </ClCompile>
    <ClCompile Include="VBORenderManager.cpp">
      <Filter>VBO</Filter>
    </ClCompile>
    <ClCompile Include="VBOShader.cpp">
      <Filter>VBO</Filter>
    </ClCompile>
    <ClCompile Include="VBOSkyBox.cpp">
      <Filter>VBO</Filter>
    </ClCompile>
    <ClCompile Include="VBOTerrain.cpp">
      <Filter>VBO</Filter>
    </ClCompile>
    <ClCompile Include="VBOUtil.cpp">
      <Filter>VBO</Filter>
    </ClCompile>
    <ClCompile Include="VBOVegetation.cpp">
      <Filter>VBO</Filter>
    </ClCompile>
    <ClCompile Include="clipper.cpp">
      <Filter>common</Filter>
    </ClCompile>
    <ClCompile Include="Camera.cpp">
      <Filter>common</Filter>
    </ClCompile>
    <ClCompile Include="GraphUtil.cpp">
      <Filter>common</Filter>
    </ClCompile>
    <ClCompile Include="Zoning.cpp">
      <Filter>Main Files</Filter>
    </ClCompile>
    <ClCompile Include="Person.cpp">
      <Filter>Main Files</Filter>
    </ClCompile>
    <ClCompile Include="Office.cpp">
      <Filter>Main Files</Filter>
    </ClCompile>
    <ClCompile Include="CarCamera.cpp">
      <Filter>common</Filter>
    </ClCompile>
    <ClCompile Include="ControlWidget.cpp">
      <Filter>Main Files</Filter>
    </ClCompile>
    <ClCompile Include="GeneratedFiles\Debug\moc_ControlWidget.cpp">
      <Filter>Generated Files\Debug</Filter>
    </ClCompile>
    <ClCompile Include="GeneratedFiles\Release\moc_ControlWidget.cpp">
      <Filter>Generated Files\Release</Filter>
    </ClCompile>
    <ClCompile Include="VBOLayer.cpp">
      <Filter>VBO</Filter>
    </ClCompile>
    <ClCompile Include="FLayer.cpp">
      <Filter>Main Files</Filter>
    </ClCompile>
    <ClCompile Include="ZoneType.cpp">
      <Filter>Main Files</Filter>
    </ClCompile>
    <ClCompile Include="PMBuildingFactory.cpp">
      <Filter>PMBuilding</Filter>
    </ClCompile>
    <ClCompile Include="PMBuildingHouse.cpp">
      <Filter>PMBuilding</Filter>
    </ClCompile>
    <ClCompile Include="PMBuildingRB.cpp">
      <Filter>PMBuilding</Filter>
    </ClCompile>
    <ClCompile Include="PMBuildingSchool.cpp">
      <Filter>PMBuilding</Filter>
    </ClCompile>
    <ClCompile Include="PMBuildingTower.cpp">
      <Filter>PMBuilding</Filter>
    </ClCompile>
    <ClCompile Include="MCMC.cpp">
      <Filter>Main Files</Filter>
    </ClCompile>
    <ClCompile Include="HTTPClient.cpp">
      <Filter>Main Files</Filter>
    </ClCompile>
    <ClCompile Include="HCStartWidget.cpp">
      <Filter>Main Files</Filter>
    </ClCompile>
    <ClCompile Include="GeneratedFiles\Debug\moc_HCStartWidget.cpp">
      <Filter>Generated Files\Debug</Filter>
    </ClCompile>
    <ClCompile Include="GeneratedFiles\Release\moc_HCStartWidget.cpp">
      <Filter>Generated Files\Release</Filter>
    </ClCompile>
    <ClCompile Include="JSON.cpp">
      <Filter>Main Files</Filter>
    </ClCompile>
    <ClCompile Include="GradientDescent.cpp">
      <Filter>Main Files</Filter>
    </ClCompile>
    <ClCompile Include="MCMC2.cpp">
      <Filter>Main Files</Filter>
    </ClCompile>
    <ClCompile Include="MCMC3.cpp">
      <Filter>Main Files</Filter>
    </ClCompile>
    <ClCompile Include="MCMC4.cpp">
      <Filter>Main Files</Filter>
    </ClCompile>
  </ItemGroup>
  <ItemGroup>
    <CustomBuild Include="MainWindow.ui">
      <Filter>Form Files</Filter>
    </CustomBuild>
    <CustomBuild Include="MainWindow.qrc">
      <Filter>Resource Files</Filter>
    </CustomBuild>
    <CustomBuild Include="MainWindow.h">
      <Filter>Main Files</Filter>
    </CustomBuild>
    <CustomBuild Include="ControlWidget.ui">
      <Filter>Form Files</Filter>
    </CustomBuild>
    <CustomBuild Include="ControlWidget.h">
      <Filter>Main Files</Filter>
    </CustomBuild>
    <CustomBuild Include="HCStartWidget.ui">
      <Filter>Form Files</Filter>
    </CustomBuild>
    <CustomBuild Include="HCStartWidget.h">
      <Filter>Main Files</Filter>
    </CustomBuild>
  </ItemGroup>
  <ItemGroup>
    <ClInclude Include="GeneratedFiles\ui_MainWindow.h">
      <Filter>Generated Files</Filter>
    </ClInclude>
    <ClInclude Include="nvModel\nvMath.h">
      <Filter>Main Files\nvModel</Filter>
    </ClInclude>
    <ClInclude Include="nvModel\nvVector.h">
      <Filter>Main Files\nvModel</Filter>
    </ClInclude>
    <ClInclude Include="nvModel\nvMatrix.h">
      <Filter>Main Files\nvModel</Filter>
    </ClInclude>
    <ClInclude Include="nvModel\nvModel.h">
      <Filter>Main Files\nvModel</Filter>
    </ClInclude>
    <ClInclude Include="nvModel\nvQuaternion.h">
      <Filter>Main Files\nvModel</Filter>
    </ClInclude>
    <ClInclude Include="ColorTable.h">
      <Filter>common</Filter>
    </ClInclude>
    <ClInclude Include="BBox.h">
      <Filter>common</Filter>
    </ClInclude>
    <ClInclude Include="common.h">
      <Filter>common</Filter>
    </ClInclude>
    <ClInclude Include="Polygon2D.h">
      <Filter>common</Filter>
    </ClInclude>
    <ClInclude Include="Polyline3D.h">
      <Filter>common</Filter>
    </ClInclude>
    <ClInclude Include="Polygon3D.h">
      <Filter>common</Filter>
    </ClInclude>
    <ClInclude Include="Polyline2D.h">
      <Filter>common</Filter>
    </ClInclude>
    <ClInclude Include="Util.h">
      <Filter>common</Filter>
    </ClInclude>
    <ClInclude Include="ConvexHull.h">
      <Filter>common</Filter>
    </ClInclude>
    <ClInclude Include="VBOBlock.h">
      <Filter>VBO</Filter>
    </ClInclude>
    <ClInclude Include="VBOWater.h">
      <Filter>VBO</Filter>
    </ClInclude>
    <ClInclude Include="VBOModel.h">
      <Filter>VBO</Filter>
    </ClInclude>
    <ClInclude Include="VBOModel_StreetElements.h">
      <Filter>VBO</Filter>
    </ClInclude>
    <ClInclude Include="VBOParcel.h">
      <Filter>VBO</Filter>
    </ClInclude>
    <ClInclude Include="VBOPm.h">
      <Filter>VBO</Filter>
    </ClInclude>
    <ClInclude Include="VBOPmBlocks.h">
      <Filter>VBO</Filter>
    </ClInclude>
    <ClInclude Include="VBOPmBuildings.h">
      <Filter>VBO</Filter>
    </ClInclude>
    <ClInclude Include="VBOPmParcels.h">
      <Filter>VBO</Filter>
    </ClInclude>
    <ClInclude Include="VBORenderManager.h">
      <Filter>VBO</Filter>
    </ClInclude>
    <ClInclude Include="VBOShader.h">
      <Filter>VBO</Filter>
    </ClInclude>
    <ClInclude Include="VBOSkyBox.h">
      <Filter>VBO</Filter>
    </ClInclude>
    <ClInclude Include="VBOTerrain.h">
      <Filter>VBO</Filter>
    </ClInclude>
    <ClInclude Include="VBOUtil.h">
      <Filter>VBO</Filter>
    </ClInclude>
    <ClInclude Include="VBOVegetation.h">
      <Filter>VBO</Filter>
    </ClInclude>
    <ClInclude Include="BlockSet.h">
      <Filter>Main Files</Filter>
    </ClInclude>
    <ClInclude Include="UrbanGeometry.h">
      <Filter>Main Files</Filter>
    </ClInclude>
    <ClInclude Include="global.h">
      <Filter>Main Files</Filter>
    </ClInclude>
    <ClInclude Include="GLWidget3D.h">
      <Filter>Main Files</Filter>
    </ClInclude>
    <ClInclude Include="GLWidget3D_Shadows.h">
      <Filter>Main Files</Filter>
    </ClInclude>
    <ClInclude Include="HeatMapColorTable.h">
      <Filter>Main Files</Filter>
    </ClInclude>
    <ClInclude Include="LC_Layer.h">
      <Filter>Main Files</Filter>
    </ClInclude>
    <ClInclude Include="RoadEdge.h">
      <Filter>Main Files</Filter>
    </ClInclude>
    <ClInclude Include="RoadGraph.h">
      <Filter>Main Files</Filter>
    </ClInclude>
    <ClInclude Include="RoadVertex.h">
      <Filter>Main Files</Filter>
    </ClInclude>
    <ClInclude Include="clipper.hpp">
      <Filter>common</Filter>
    </ClInclude>
    <ClInclude Include="Camera2D.h">
      <Filter>common</Filter>
    </ClInclude>
    <ClInclude Include="Camera.h">
      <Filter>common</Filter>
    </ClInclude>
    <ClInclude Include="GraphUtil.h">
      <Filter>common</Filter>
    </ClInclude>
    <ClInclude Include="Zoning.h">
      <Filter>Main Files</Filter>
    </ClInclude>
    <ClInclude Include="Person.h">
      <Filter>Main Files</Filter>
    </ClInclude>
    <ClInclude Include="Office.h">
      <Filter>Main Files</Filter>
    </ClInclude>
    <ClInclude Include="CarCamera.h">
      <Filter>common</Filter>
    </ClInclude>
    <ClInclude Include="GeneratedFiles\ui_ControlWidget.h">
      <Filter>Generated Files</Filter>
    </ClInclude>
    <ClInclude Include="VBOLayer.h">
      <Filter>VBO</Filter>
    </ClInclude>
    <ClInclude Include="FLayer.h">
      <Filter>Main Files</Filter>
    </ClInclude>
    <ClInclude Include="ZoneType.h">
      <Filter>Main Files</Filter>
    </ClInclude>
    <ClInclude Include="PMBuildingFactory.h">
      <Filter>PMBuilding</Filter>
    </ClInclude>
    <ClInclude Include="PMBuildingHouse.h">
      <Filter>PMBuilding</Filter>
    </ClInclude>
    <ClInclude Include="PMBuildingRB.h">
      <Filter>PMBuilding</Filter>
    </ClInclude>
    <ClInclude Include="PMBuildingSchool.h">
      <Filter>PMBuilding</Filter>
    </ClInclude>
    <ClInclude Include="PMBuildingTower.h">
      <Filter>PMBuilding</Filter>
    </ClInclude>
    <ClInclude Include="VBOBuilding.h">
      <Filter>VBO</Filter>
    </ClInclude>
    <ClInclude Include="MCMC.h">
      <Filter>Main Files</Filter>
    </ClInclude>
    <ClInclude Include="HTTPClient.h">
      <Filter>Main Files</Filter>
    </ClInclude>
    <ClInclude Include="GeneratedFiles\ui_HCStartWidget.h">
      <Filter>Generated Files</Filter>
    </ClInclude>
    <ClInclude Include="JSON.h">
      <Filter>Main Files</Filter>
    </ClInclude>
    <ClInclude Include="GradientDescent.h">
      <Filter>Main Files</Filter>
    </ClInclude>
    <ClInclude Include="MCMC2.h">
      <Filter>Main Files</Filter>
    </ClInclude>
    <ClInclude Include="MCMC3.h">
      <Filter>Main Files</Filter>
    </ClInclude>
    <ClInclude Include="MCMC4.h">
      <Filter>Main Files</Filter>
    </ClInclude>
  </ItemGroup>
  <ItemGroup>
    <None Include="..\data\shaders\lc_fragment_sk.glsl">
      <Filter>VBO</Filter>
    </None>
    <None Include="..\data\shaders\lc_vertex_sk.glsl">
      <Filter>VBO</Filter>
    </None>
  </ItemGroup>
</Project>